
Microsoft Visual Studio Solution File, Format Version 12.00
# Visual Studio Version 17
VisualStudioVersion = 17.6.33829.357
MinimumVisualStudioVersion = 10.0.40219.1
Project("{FAE04EC0-301F-11D3-BF4B-00C04F79EFBC}") = "CodePlus.API", "CodePlus.API\CodePlus.API.csproj", "{5FF880C8-EA79-4B61-AC7A-7EEF09CBF6CE}"
EndProject
Global
	GlobalSection(SolutionConfigurationPlatforms) = preSolution
		Debug|Any CPU = Debug|Any CPU
		Release|Any CPU = Release|Any CPU
	EndGlobalSection
	GlobalSection(ProjectConfigurationPlatforms) = postSolution
		{5FF880C8-EA79-4B61-AC7A-7EEF09CBF6CE}.Debug|Any CPU.ActiveCfg = Debug|Any CPU
		{5FF880C8-EA79-4B61-AC7A-7EEF09CBF6CE}.Debug|Any CPU.Build.0 = Debug|Any CPU
		{5FF880C8-EA79-4B61-AC7A-7EEF09CBF6CE}.Release|Any CPU.ActiveCfg = Release|Any CPU
		{5FF880C8-EA79-4B61-AC7A-7EEF09CBF6CE}.Release|Any CPU.Build.0 = Release|Any CPU
	EndGlobalSection
	GlobalSection(SolutionProperties) = preSolution
		HideSolutionNode = FALSE
	EndGlobalSection
	GlobalSection(ExtensibilityGlobals) = postSolution
		SolutionGuid = {53CD1969-BD01-4DF6-93FE-73D5112D9EB6}
	EndGlobalSection
EndGlobal
